{
  "version": 1,
  "dependencies": {
    "net8.0-windows7.0": {
      "DalamudPackager": {
        "type": "Direct",
        "requested": "[11.0.0, )",
        "resolved": "11.0.0",
        "contentHash": "bjT7XUlhIJSmsE/O76b7weUX+evvGQctbQB8aKXt94o+oPWxHpCepxAGMs7Thow3AzCyqWs7cOpp9/2wcgRRQA=="
      },
      "MoonSharp": {
        "type": "Direct",
        "requested": "[2.0.0, )",
        "resolved": "2.0.0",
        "contentHash": "uiAcRh7d+53k3xW9pFDJfAFVw4RnjHVCJG05M3oPAVEVwPtFavhg1H/IpC6So4X1j9kJlzuLlA3OghhPcIvc5A=="
      },
      "XivCommon": {
        "type": "Direct",
        "requested": "[9.0.0, )",
        "resolved": "9.0.0",
        "contentHash": "avaBp3FmSCi/PiQhntCeBDYOHejdyTWmFtz4pRBVQQ8vHkmRx+YTk1la9dkYBMlXxRXKckEdH1iI1Fu61JlE7w=="
      }
    }
  }
}